// !$*UTF8*$!
{
	archiveVersion = 1;
	classes = {
	};
	objectVersion = 56;
	objects = {

/* Begin PBXBuildFile section */
		E8415AA22AC08FDE0002D0AB /* AppDelegate.swift in Sources */ = {isa = PBXBuildFile; fileRef = E8415AA12AC08FDE0002D0AB /* AppDelegate.swift */; };
		E8415AA42AC08FDE0002D0AB /* SceneDelegate.swift in Sources */ = {isa = PBXBuildFile; fileRef = E8415AA32AC08FDE0002D0AB /* SceneDelegate.swift */; };
		E8415AA62AC08FDE0002D0AB /* RMTabViewController.swift in Sources */ = {isa = PBXBuildFile; fileRef = E8415AA52AC08FDE0002D0AB /* RMTabViewController.swift */; };
		E8415AAB2AC08FDF0002D0AB /* Assets.xcassets in Resources */ = {isa = PBXBuildFile; fileRef = E8415AAA2AC08FDF0002D0AB /* Assets.xcassets */; };
		E8415AAE2AC08FDF0002D0AB /* LaunchScreen.storyboard in Resources */ = {isa = PBXBuildFile; fileRef = E8415AAC2AC08FDF0002D0AB /* LaunchScreen.storyboard */; };
		E8415ABD2AC095750002D0AB /* RMLocation.swift in Sources */ = {isa = PBXBuildFile; fileRef = E8415ABC2AC095750002D0AB /* RMLocation.swift */; };
		E8415ABF2AC095820002D0AB /* RMCharacter.swift in Sources */ = {isa = PBXBuildFile; fileRef = E8415ABE2AC095820002D0AB /* RMCharacter.swift */; };
		E8415AC12AC0958F0002D0AB /* RMEpisode.swift in Sources */ = {isa = PBXBuildFile; fileRef = E8415AC02AC0958F0002D0AB /* RMEpisode.swift */; };
		E8415AC42AC0B4990002D0AB /* RMCharacterViewController.swift in Sources */ = {isa = PBXBuildFile; fileRef = E8415AC32AC0B4990002D0AB /* RMCharacterViewController.swift */; };
		E8415AC62AC0B4BD0002D0AB /* RMLocationViewController.swift in Sources */ = {isa = PBXBuildFile; fileRef = E8415AC52AC0B4BD0002D0AB /* RMLocationViewController.swift */; };
		E8415AC82AC0B4DA0002D0AB /* RMEpisodeViewController.swift in Sources */ = {isa = PBXBuildFile; fileRef = E8415AC72AC0B4DA0002D0AB /* RMEpisodeViewController.swift */; };
		E8415ACA2AC0B4FE0002D0AB /* RMSettingsViewController.swift in Sources */ = {isa = PBXBuildFile; fileRef = E8415AC92AC0B4FE0002D0AB /* RMSettingsViewController.swift */; };
		E8415ACC2AC2C2A70002D0AB /* RMService.swift in Sources */ = {isa = PBXBuildFile; fileRef = E8415ACB2AC2C2A70002D0AB /* RMService.swift */; };
		E8415ACE2AC2C2E00002D0AB /* RMRequest.swift in Sources */ = {isa = PBXBuildFile; fileRef = E8415ACD2AC2C2E00002D0AB /* RMRequest.swift */; };
		E8415AD02AC343120002D0AB /* RMEndpoint.swift in Sources */ = {isa = PBXBuildFile; fileRef = E8415ACF2AC343120002D0AB /* RMEndpoint.swift */; };
		E8415AD22AC34EA10002D0AB /* RMOrigin.swift in Sources */ = {isa = PBXBuildFile; fileRef = E8415AD12AC34EA10002D0AB /* RMOrigin.swift */; };
		E8415AD42AC34FBF0002D0AB /* RMSingleLocation.swift in Sources */ = {isa = PBXBuildFile; fileRef = E8415AD32AC34FBF0002D0AB /* RMSingleLocation.swift */; };
		E8415AD62AC351B60002D0AB /* RMCharacterStatus.swift in Sources */ = {isa = PBXBuildFile; fileRef = E8415AD52AC351B60002D0AB /* RMCharacterStatus.swift */; };
		E8415AD82AC352000002D0AB /* RMCharacterGender.swift in Sources */ = {isa = PBXBuildFile; fileRef = E8415AD72AC352000002D0AB /* RMCharacterGender.swift */; };
/* End PBXBuildFile section */

/* Begin PBXFileReference section */
		E8415A9E2AC08FDE0002D0AB /* RickAndMorty.app */ = {isa = PBXFileReference; explicitFileType = wrapper.application; includeInIndex = 0; path = RickAndMorty.app; sourceTree = BUILT_PRODUCTS_DIR; };
		E8415AA12AC08FDE0002D0AB /* AppDelegate.swift */ = {isa = PBXFileReference; lastKnownFileType = sourcecode.swift; path = AppDelegate.swift; sourceTree = "<group>"; };
		E8415AA32AC08FDE0002D0AB /* SceneDelegate.swift */ = {isa = PBXFileReference; lastKnownFileType = sourcecode.swift; path = SceneDelegate.swift; sourceTree = "<group>"; };
		E8415AA52AC08FDE0002D0AB /* RMTabViewController.swift */ = {isa = PBXFileReference; lastKnownFileType = sourcecode.swift; path = RMTabViewController.swift; sourceTree = "<group>"; };
		E8415AAA2AC08FDF0002D0AB /* Assets.xcassets */ = {isa = PBXFileReference; lastKnownFileType = folder.assetcatalog; path = Assets.xcassets; sourceTree = "<group>"; };
		E8415AAD2AC08FDF0002D0AB /* Base */ = {isa = PBXFileReference; lastKnownFileType = file.storyboard; name = Base; path = Base.lproj/LaunchScreen.storyboard; sourceTree = "<group>"; };
		E8415AAF2AC08FDF0002D0AB /* Info.plist */ = {isa = PBXFileReference; lastKnownFileType = text.plist.xml; path = Info.plist; sourceTree = "<group>"; };
		E8415ABC2AC095750002D0AB /* RMLocation.swift */ = {isa = PBXFileReference; lastKnownFileType = sourcecode.swift; path = RMLocation.swift; sourceTree = "<group>"; };
		E8415ABE2AC095820002D0AB /* RMCharacter.swift */ = {isa = PBXFileReference; lastKnownFileType = sourcecode.swift; path = RMCharacter.swift; sourceTree = "<group>"; };
		E8415AC02AC0958F0002D0AB /* RMEpisode.swift */ = {isa = PBXFileReference; lastKnownFileType = sourcecode.swift; path = RMEpisode.swift; sourceTree = "<group>"; };
		E8415AC32AC0B4990002D0AB /* RMCharacterViewController.swift */ = {isa = PBXFileReference; lastKnownFileType = sourcecode.swift; path = RMCharacterViewController.swift; sourceTree = "<group>"; };
		E8415AC52AC0B4BD0002D0AB /* RMLocationViewController.swift */ = {isa = PBXFileReference; lastKnownFileType = sourcecode.swift; path = RMLocationViewController.swift; sourceTree = "<group>"; };
		E8415AC72AC0B4DA0002D0AB /* RMEpisodeViewController.swift */ = {isa = PBXFileReference; lastKnownFileType = sourcecode.swift; path = RMEpisodeViewController.swift; sourceTree = "<group>"; };
		E8415AC92AC0B4FE0002D0AB /* RMSettingsViewController.swift */ = {isa = PBXFileReference; lastKnownFileType = sourcecode.swift; path = RMSettingsViewController.swift; sourceTree = "<group>"; };
		E8415ACB2AC2C2A70002D0AB /* RMService.swift */ = {isa = PBXFileReference; lastKnownFileType = sourcecode.swift; path = RMService.swift; sourceTree = "<group>"; };
		E8415ACD2AC2C2E00002D0AB /* RMRequest.swift */ = {isa = PBXFileReference; lastKnownFileType = sourcecode.swift; path = RMRequest.swift; sourceTree = "<group>"; };
		E8415ACF2AC343120002D0AB /* RMEndpoint.swift */ = {isa = PBXFileReference; lastKnownFileType = sourcecode.swift; path = RMEndpoint.swift; sourceTree = "<group>"; };
		E8415AD12AC34EA10002D0AB /* RMOrigin.swift */ = {isa = PBXFileReference; lastKnownFileType = sourcecode.swift; path = RMOrigin.swift; sourceTree = "<group>"; };
		E8415AD32AC34FBF0002D0AB /* RMSingleLocation.swift */ = {isa = PBXFileReference; lastKnownFileType = sourcecode.swift; path = RMSingleLocation.swift; sourceTree = "<group>"; };
		E8415AD52AC351B60002D0AB /* RMCharacterStatus.swift */ = {isa = PBXFileReference; lastKnownFileType = sourcecode.swift; path = RMCharacterStatus.swift; sourceTree = "<group>"; };
		E8415AD72AC352000002D0AB /* RMCharacterGender.swift */ = {isa = PBXFileReference; lastKnownFileType = sourcecode.swift; path = RMCharacterGender.swift; sourceTree = "<group>"; };
/* End PBXFileReference section */

/* Begin PBXFrameworksBuildPhase section */
		E8415A9B2AC08FDE0002D0AB /* Frameworks */ = {
			isa = PBXFrameworksBuildPhase;
			buildActionMask = 2147483647;
			files = (
			);
			runOnlyForDeploymentPostprocessing = 0;
		};
/* End PBXFrameworksBuildPhase section */

/* Begin PBXGroup section */
		E8415A952AC08FDE0002D0AB = {
			isa = PBXGroup;
			children = (
				E8415AA02AC08FDE0002D0AB /* RickAndMorty */,
				E8415A9F2AC08FDE0002D0AB /* Products */,
			);
			sourceTree = "<group>";
		};
		E8415A9F2AC08FDE0002D0AB /* Products */ = {
			isa = PBXGroup;
			children = (
				E8415A9E2AC08FDE0002D0AB /* RickAndMorty.app */,
			);
			name = Products;
			sourceTree = "<group>";
		};
		E8415AA02AC08FDE0002D0AB /* RickAndMorty */ = {
			isa = PBXGroup;
			children = (
				E8415ABB2AC093E30002D0AB /* Resources */,
				E8415ABA2AC093DD0002D0AB /* Managers */,
				E8415AB92AC093BF0002D0AB /* ApiClient */,
				E8415AB82AC0939A0002D0AB /* Controller */,
				E8415AB72AC0938A0002D0AB /* Models */,
				E8415AB62AC093800002D0AB /* Views */,
				E8415AB52AC093610002D0AB /* ViewModels */,
				E8415AAF2AC08FDF0002D0AB /* Info.plist */,
			);
			path = RickAndMorty;
			sourceTree = "<group>";
		};
		E8415AB52AC093610002D0AB /* ViewModels */ = {
			isa = PBXGroup;
			children = (
			);
			path = ViewModels;
			sourceTree = "<group>";
		};
		E8415AB62AC093800002D0AB /* Views */ = {
			isa = PBXGroup;
			children = (
			);
			path = Views;
			sourceTree = "<group>";
		};
		E8415AB72AC0938A0002D0AB /* Models */ = {
			isa = PBXGroup;
			children = (
				E8415ABC2AC095750002D0AB /* RMLocation.swift */,
				E8415ABE2AC095820002D0AB /* RMCharacter.swift */,
				E8415AC02AC0958F0002D0AB /* RMEpisode.swift */,
				E8415AD12AC34EA10002D0AB /* RMOrigin.swift */,
				E8415AD32AC34FBF0002D0AB /* RMSingleLocation.swift */,
				E8415AD52AC351B60002D0AB /* RMCharacterStatus.swift */,
				E8415AD72AC352000002D0AB /* RMCharacterGender.swift */,
			);
			path = Models;
			sourceTree = "<group>";
		};
		E8415AB82AC0939A0002D0AB /* Controller */ = {
			isa = PBXGroup;
			children = (
				E8415AC22AC0B2CC0002D0AB /* Сore */,
			);
			path = Controller;
			sourceTree = "<group>";
		};
		E8415AB92AC093BF0002D0AB /* ApiClient */ = {
			isa = PBXGroup;
			children = (
				E8415ACB2AC2C2A70002D0AB /* RMService.swift */,
				E8415ACD2AC2C2E00002D0AB /* RMRequest.swift */,
				E8415ACF2AC343120002D0AB /* RMEndpoint.swift */,
			);
			path = ApiClient;
			sourceTree = "<group>";
		};
		E8415ABA2AC093DD0002D0AB /* Managers */ = {
			isa = PBXGroup;
			children = (
			);
			path = Managers;
			sourceTree = "<group>";
		};
		E8415ABB2AC093E30002D0AB /* Resources */ = {
			isa = PBXGroup;
			children = (
				E8415AA12AC08FDE0002D0AB /* AppDelegate.swift */,
				E8415AA32AC08FDE0002D0AB /* SceneDelegate.swift */,
				E8415AAA2AC08FDF0002D0AB /* Assets.xcassets */,
				E8415AAC2AC08FDF0002D0AB /* LaunchScreen.storyboard */,
			);
			path = Resources;
			sourceTree = "<group>";
		};
		E8415AC22AC0B2CC0002D0AB /* Сore */ = {
			isa = PBXGroup;
			children = (
				E8415AA52AC08FDE0002D0AB /* RMTabViewController.swift */,
				E8415AC32AC0B4990002D0AB /* RMCharacterViewController.swift */,
				E8415AC52AC0B4BD0002D0AB /* RMLocationViewController.swift */,
				E8415AC72AC0B4DA0002D0AB /* RMEpisodeViewController.swift */,
				E8415AC92AC0B4FE0002D0AB /* RMSettingsViewController.swift */,
			);
			path = "Сore";
			sourceTree = "<group>";
		};
/* End PBXGroup section */

/* Begin PBXNativeTarget section */
		E8415A9D2AC08FDE0002D0AB /* RickAndMorty */ = {
			isa = PBXNativeTarget;
			buildConfigurationList = E8415AB22AC08FDF0002D0AB /* Build configuration list for PBXNativeTarget "RickAndMorty" */;
			buildPhases = (
				E8415A9A2AC08FDE0002D0AB /* Sources */,
				E8415A9B2AC08FDE0002D0AB /* Frameworks */,
				E8415A9C2AC08FDE0002D0AB /* Resources */,
			);
			buildRules = (
			);
			dependencies = (
			);
			name = RickAndMorty;
			productName = RickAndMorty;
			productReference = E8415A9E2AC08FDE0002D0AB /* RickAndMorty.app */;
			productType = "com.apple.product-type.application";
		};
/* End PBXNativeTarget section */

/* Begin PBXProject section */
		E8415A962AC08FDE0002D0AB /* Project object */ = {
			isa = PBXProject;
			attributes = {
				BuildIndependentTargetsInParallel = 1;
				LastSwiftUpdateCheck = 1420;
				LastUpgradeCheck = 1420;
				TargetAttributes = {
					E8415A9D2AC08FDE0002D0AB = {
						CreatedOnToolsVersion = 14.2;
					};
				};
			};
			buildConfigurationList = E8415A992AC08FDE0002D0AB /* Build configuration list for PBXProject "RickAndMorty" */;
			compatibilityVersion = "Xcode 14.0";
			developmentRegion = en;
			hasScannedForEncodings = 0;
			knownRegions = (
				en,
				Base,
			);
			mainGroup = E8415A952AC08FDE0002D0AB;
			productRefGroup = E8415A9F2AC08FDE0002D0AB /* Products */;
			projectDirPath = "";
			projectRoot = "";
			targets = (
				E8415A9D2AC08FDE0002D0AB /* RickAndMorty */,
			);
		};
/* End PBXProject section */

/* Begin PBXResourcesBuildPhase section */
		E8415A9C2AC08FDE0002D0AB /* Resources */ = {
			isa = PBXResourcesBuildPhase;
			buildActionMask = 2147483647;
			files = (
				E8415AAE2AC08FDF0002D0AB /* LaunchScreen.storyboard in Resources */,
				E8415AAB2AC08FDF0002D0AB /* Assets.xcassets in Resources */,
			);
			runOnlyForDeploymentPostprocessing = 0;
		};
/* End PBXResourcesBuildPhase section */

/* Begin PBXSourcesBuildPhase section */
		E8415A9A2AC08FDE0002D0AB /* Sources */ = {
			isa = PBXSourcesBuildPhase;
			buildActionMask = 2147483647;
			files = (
				E8415AD22AC34EA10002D0AB /* RMOrigin.swift in Sources */,
				E8415AD42AC34FBF0002D0AB /* RMSingleLocation.swift in Sources */,
				E8415AD62AC351B60002D0AB /* RMCharacterStatus.swift in Sources */,
				E8415AD82AC352000002D0AB /* RMCharacterGender.swift in Sources */,
				E8415AC62AC0B4BD0002D0AB /* RMLocationViewController.swift in Sources */,
				E8415AC12AC0958F0002D0AB /* RMEpisode.swift in Sources */,
				E8415AA62AC08FDE0002D0AB /* RMTabViewController.swift in Sources */,
				E8415AC82AC0B4DA0002D0AB /* RMEpisodeViewController.swift in Sources */,
				E8415AA22AC08FDE0002D0AB /* AppDelegate.swift in Sources */,
				E8415AA42AC08FDE0002D0AB /* SceneDelegate.swift in Sources */,
				E8415ACA2AC0B4FE0002D0AB /* RMSettingsViewController.swift in Sources */,
				E8415ACC2AC2C2A70002D0AB /* RMService.swift in Sources */,
				E8415ABD2AC095750002D0AB /* RMLocation.swift in Sources */,
				E8415AD02AC343120002D0AB /* RMEndpoint.swift in Sources */,
				E8415ABF2AC095820002D0AB /* RMCharacter.swift in Sources */,
				E8415ACE2AC2C2E00002D0AB /* RMRequest.swift in Sources */,
				E8415AC42AC0B4990002D0AB /* RMCharacterViewController.swift in Sources */,
			);
			runOnlyForDeploymentPostprocessing = 0;
		};
/* End PBXSourcesBuildPhase section */

/* Begin PBXVariantGroup section */
		E8415AAC2AC08FDF0002D0AB /* LaunchScreen.storyboard */ = {
			isa = PBXVariantGroup;
			children = (
				E8415AAD2AC08FDF0002D0AB /* Base */,
			);
			name = LaunchScreen.storyboard;
			sourceTree = "<group>";
		};
/* End PBXVariantGroup section */

/* Begin XCBuildConfiguration section */
		E8415AB02AC08FDF0002D0AB /* Debug */ = {
			isa = XCBuildConfiguration;
			buildSettings = {
				ALWAYS_SEARCH_USER_PATHS = NO;
				CLANG_ANALYZER_NONNULL = YES;
				CLANG_ANALYZER_NUMBER_OBJECT_CONVERSION = YES_AGGRESSIVE;
				CLANG_CXX_LANGUAGE_STANDARD = "gnu++20";
				CLANG_ENABLE_MODULES = YES;
				CLANG_ENABLE_OBJC_ARC = YES;
				CLANG_ENABLE_OBJC_WEAK = YES;
				CLANG_WARN_BLOCK_CAPTURE_AUTORELEASING = YES;
				CLANG_WARN_BOOL_CONVERSION = YES;
				CLANG_WARN_COMMA = YES;
				CLANG_WARN_CONSTANT_CONVERSION = YES;
				CLANG_WARN_DEPRECATED_OBJC_IMPLEMENTATIONS = YES;
				CLANG_WARN_DIRECT_OBJC_ISA_USAGE = YES_ERROR;
				CLANG_WARN_DOCUMENTATION_COMMENTS = YES;
				CLANG_WARN_EMPTY_BODY = YES;
				CLANG_WARN_ENUM_CONVERSION = YES;
				CLANG_WARN_INFINITE_RECURSION = YES;
				CLANG_WARN_INT_CONVERSION = YES;
				CLANG_WARN_NON_LITERAL_NULL_CONVERSION = YES;
				CLANG_WARN_OBJC_IMPLICIT_RETAIN_SELF = YES;
				CLANG_WARN_OBJC_LITERAL_CONVERSION = YES;
				CLANG_WARN_OBJC_ROOT_CLASS = YES_ERROR;
				CLANG_WARN_QUOTED_INCLUDE_IN_FRAMEWORK_HEADER = YES;
				CLANG_WARN_RANGE_LOOP_ANALYSIS = YES;
				CLANG_WARN_STRICT_PROTOTYPES = YES;
				CLANG_WARN_SUSPICIOUS_MOVE = YES;
				CLANG_WARN_UNGUARDED_AVAILABILITY = YES_AGGRESSIVE;
				CLANG_WARN_UNREACHABLE_CODE = YES;
				CLANG_WARN__DUPLICATE_METHOD_MATCH = YES;
				COPY_PHASE_STRIP = NO;
				DEBUG_INFORMATION_FORMAT = dwarf;
				ENABLE_STRICT_OBJC_MSGSEND = YES;
				ENABLE_TESTABILITY = YES;
				GCC_C_LANGUAGE_STANDARD = gnu11;
				GCC_DYNAMIC_NO_PIC = NO;
				GCC_NO_COMMON_BLOCKS = YES;
				GCC_OPTIMIZATION_LEVEL = 0;
				GCC_PREPROCESSOR_DEFINITIONS = (
					"DEBUG=1",
					"$(inherited)",
				);
				GCC_WARN_64_TO_32_BIT_CONVERSION = YES;
				GCC_WARN_ABOUT_RETURN_TYPE = YES_ERROR;
				GCC_WARN_UNDECLARED_SELECTOR = YES;
				GCC_WARN_UNINITIALIZED_AUTOS = YES_AGGRESSIVE;
				GCC_WARN_UNUSED_FUNCTION = YES;
				GCC_WARN_UNUSED_VARIABLE = YES;
				IPHONEOS_DEPLOYMENT_TARGET = 16.2;
				MTL_ENABLE_DEBUG_INFO = INCLUDE_SOURCE;
				MTL_FAST_MATH = YES;
				ONLY_ACTIVE_ARCH = YES;
				SDKROOT = iphoneos;
				SWIFT_ACTIVE_COMPILATION_CONDITIONS = DEBUG;
				SWIFT_OPTIMIZATION_LEVEL = "-Onone";
			};
			name = Debug;
		};
		E8415AB12AC08FDF0002D0AB /* Release */ = {
			isa = XCBuildConfiguration;
			buildSettings = {
				ALWAYS_SEARCH_USER_PATHS = NO;
				CLANG_ANALYZER_NONNULL = YES;
				CLANG_ANALYZER_NUMBER_OBJECT_CONVERSION = YES_AGGRESSIVE;
				CLANG_CXX_LANGUAGE_STANDARD = "gnu++20";
				CLANG_ENABLE_MODULES = YES;
				CLANG_ENABLE_OBJC_ARC = YES;
				CLANG_ENABLE_OBJC_WEAK = YES;
				CLANG_WARN_BLOCK_CAPTURE_AUTORELEASING = YES;
				CLANG_WARN_BOOL_CONVERSION = YES;
				CLANG_WARN_COMMA = YES;
				CLANG_WARN_CONSTANT_CONVERSION = YES;
				CLANG_WARN_DEPRECATED_OBJC_IMPLEMENTATIONS = YES;
				CLANG_WARN_DIRECT_OBJC_ISA_USAGE = YES_ERROR;
				CLANG_WARN_DOCUMENTATION_COMMENTS = YES;
				CLANG_WARN_EMPTY_BODY = YES;
				CLANG_WARN_ENUM_CONVERSION = YES;
				CLANG_WARN_INFINITE_RECURSION = YES;
				CLANG_WARN_INT_CONVERSION = YES;
				CLANG_WARN_NON_LITERAL_NULL_CONVERSION = YES;
				CLANG_WARN_OBJC_IMPLICIT_RETAIN_SELF = YES;
				CLANG_WARN_OBJC_LITERAL_CONVERSION = YES;
				CLANG_WARN_OBJC_ROOT_CLASS = YES_ERROR;
				CLANG_WARN_QUOTED_INCLUDE_IN_FRAMEWORK_HEADER = YES;
				CLANG_WARN_RANGE_LOOP_ANALYSIS = YES;
				CLANG_WARN_STRICT_PROTOTYPES = YES;
				CLANG_WARN_SUSPICIOUS_MOVE = YES;
				CLANG_WARN_UNGUARDED_AVAILABILITY = YES_AGGRESSIVE;
				CLANG_WARN_UNREACHABLE_CODE = YES;
				CLANG_WARN__DUPLICATE_METHOD_MATCH = YES;
				COPY_PHASE_STRIP = NO;
				DEBUG_INFORMATION_FORMAT = "dwarf-with-dsym";
				ENABLE_NS_ASSERTIONS = NO;
				ENABLE_STRICT_OBJC_MSGSEND = YES;
				GCC_C_LANGUAGE_STANDARD = gnu11;
				GCC_NO_COMMON_BLOCKS = YES;
				GCC_WARN_64_TO_32_BIT_CONVERSION = YES;
				GCC_WARN_ABOUT_RETURN_TYPE = YES_ERROR;
				GCC_WARN_UNDECLARED_SELECTOR = YES;
				GCC_WARN_UNINITIALIZED_AUTOS = YES_AGGRESSIVE;
				GCC_WARN_UNUSED_FUNCTION = YES;
				GCC_WARN_UNUSED_VARIABLE = YES;
				IPHONEOS_DEPLOYMENT_TARGET = 16.2;
				MTL_ENABLE_DEBUG_INFO = NO;
				MTL_FAST_MATH = YES;
				SDKROOT = iphoneos;
				SWIFT_COMPILATION_MODE = wholemodule;
				SWIFT_OPTIMIZATION_LEVEL = "-O";
				VALIDATE_PRODUCT = YES;
			};
			name = Release;
		};
		E8415AB32AC08FDF0002D0AB /* Debug */ = {
			isa = XCBuildConfiguration;
			buildSettings = {
				ASSETCATALOG_COMPILER_APPICON_NAME = AppIcon;
				ASSETCATALOG_COMPILER_GLOBAL_ACCENT_COLOR_NAME = AccentColor;
				CODE_SIGN_STYLE = Automatic;
				CURRENT_PROJECT_VERSION = 1;
				DEVELOPMENT_TEAM = 66K9RH8W2J;
				GENERATE_INFOPLIST_FILE = YES;
				INFOPLIST_FILE = RickAndMorty/Info.plist;
				INFOPLIST_KEY_UIApplicationSupportsIndirectInputEvents = YES;
				INFOPLIST_KEY_UILaunchStoryboardName = LaunchScreen;
				INFOPLIST_KEY_UISupportedInterfaceOrientations_iPad = "UIInterfaceOrientationPortrait UIInterfaceOrientationPortraitUpsideDown UIInterfaceOrientationLandscapeLeft UIInterfaceOrientationLandscapeRight";
				INFOPLIST_KEY_UISupportedInterfaceOrientations_iPhone = "UIInterfaceOrientationPortrait UIInterfaceOrientationLandscapeLeft UIInterfaceOrientationLandscapeRight";
				LD_RUNPATH_SEARCH_PATHS = (
					"$(inherited)",
					"@executable_path/Frameworks",
				);
				MARKETING_VERSION = 1.0;
				PRODUCT_BUNDLE_IDENTIFIER = masud.RickAndMorty;
				PRODUCT_NAME = "$(TARGET_NAME)";
				SWIFT_EMIT_LOC_STRINGS = YES;
				SWIFT_VERSION = 5.0;
				TARGETED_DEVICE_FAMILY = "1,2";
			};
			name = Debug;
		};
		E8415AB42AC08FDF0002D0AB /* Release */ = {
			isa = XCBuildConfiguration;
			buildSettings = {
				ASSETCATALOG_COMPILER_APPICON_NAME = AppIcon;
				ASSETCATALOG_COMPILER_GLOBAL_ACCENT_COLOR_NAME = AccentColor;
				CODE_SIGN_STYLE = Automatic;
				CURRENT_PROJECT_VERSION = 1;
				DEVELOPMENT_TEAM = 66K9RH8W2J;
				GENERATE_INFOPLIST_FILE = YES;
				INFOPLIST_FILE = RickAndMorty/Info.plist;
				INFOPLIST_KEY_UIApplicationSupportsIndirectInputEvents = YES;
				INFOPLIST_KEY_UILaunchStoryboardName = LaunchScreen;
				INFOPLIST_KEY_UISupportedInterfaceOrientations_iPad = "UIInterfaceOrientationPortrait UIInterfaceOrientationPortraitUpsideDown UIInterfaceOrientationLandscapeLeft UIInterfaceOrientationLandscapeRight";
				INFOPLIST_KEY_UISupportedInterfaceOrientations_iPhone = "UIInterfaceOrientationPortrait UIInterfaceOrientationLandscapeLeft UIInterfaceOrientationLandscapeRight";
				LD_RUNPATH_SEARCH_PATHS = (
					"$(inherited)",
					"@executable_path/Frameworks",
				);
				MARKETING_VERSION = 1.0;
				PRODUCT_BUNDLE_IDENTIFIER = masud.RickAndMorty;
				PRODUCT_NAME = "$(TARGET_NAME)";
				SWIFT_EMIT_LOC_STRINGS = YES;
				SWIFT_VERSION = 5.0;
				TARGETED_DEVICE_FAMILY = "1,2";
			};
			name = Release;
		};
/* End XCBuildConfiguration section */

/* Begin XCConfigurationList section */
		E8415A992AC08FDE0002D0AB /* Build configuration list for PBXProject "RickAndMorty" */ = {
			isa = XCConfigurationList;
			buildConfigurations = (
				E8415AB02AC08FDF0002D0AB /* Debug */,
				E8415AB12AC08FDF0002D0AB /* Release */,
			);
			defaultConfigurationIsVisible = 0;
			defaultConfigurationName = Release;
		};
		E8415AB22AC08FDF0002D0AB /* Build configuration list for PBXNativeTarget "RickAndMorty" */ = {
			isa = XCConfigurationList;
			buildConfigurations = (
				E8415AB32AC08FDF0002D0AB /* Debug */,
				E8415AB42AC08FDF0002D0AB /* Release */,
			);
			defaultConfigurationIsVisible = 0;
			defaultConfigurationName = Release;
		};
/* End XCConfigurationList section */
	};
	rootObject = E8415A962AC08FDE0002D0AB /* Project object */;
}
